// !$*UTF8*$!
{
	archiveVersion = 1;
	classes = {
	};
	objectVersion = 46;
	objects = {

/* Begin PBXBuildFile section */
		2CEE1D4A22D4387300D3B1F6 /* Base64Additions.m in Sources */ = {isa = PBXBuildFile; fileRef = 2CEE1D4922D4387300D3B1F6 /* Base64Additions.m */; };
		2CEE1D4D22D4873600D3B1F6 /* FYDBTools.m in Sources */ = {isa = PBXBuildFile; fileRef = 2CEE1D4C22D4873600D3B1F6 /* FYDBTools.m */; };
		E606C3721D4F03AA00BE4A07 /* FYScanQRCodeController.m in Sources */ = {isa = PBXBuildFile; fileRef = E606C3711D4F03AA00BE4A07 /* FYScanQRCodeController.m */; };
		E60C1BFC1D50602C005A9A6E /* FYExpressHistoryController.m in Sources */ = {isa = PBXBuildFile; fileRef = E60C1BFB1D50602C005A9A6E /* FYExpressHistoryController.m */; };
		E617B3FC1D447A8100701817 /* main.m in Sources */ = {isa = PBXBuildFile; fileRef = E617B3FB1D447A8100701817 /* main.m */; };
		E617B3FF1D447A8100701817 /* AppDelegate.m in Sources */ = {isa = PBXBuildFile; fileRef = E617B3FE1D447A8100701817 /* AppDelegate.m */; };
		E617B4021D447A8100701817 /* FYHomePageController.m in Sources */ = {isa = PBXBuildFile; fileRef = E617B4011D447A8100701817 /* FYHomePageController.m */; };
		E617B4081D447A8100701817 /* Main.storyboard in Resources */ = {isa = PBXBuildFile; fileRef = E617B4061D447A8100701817 /* Main.storyboard */; };
		E617B40A1D447A8100701817 /* Assets.xcassets in Resources */ = {isa = PBXBuildFile; fileRef = E617B4091D447A8100701817 /* Assets.xcassets */; };
		E617B40D1D447A8100701817 /* LaunchScreen.storyboard in Resources */ = {isa = PBXBuildFile; fileRef = E617B40B1D447A8100701817 /* LaunchScreen.storyboard */; };
		E6C8F9BD1D47321300E52D0E /* MD5.m in Sources */ = {isa = PBXBuildFile; fileRef = E6C8F9BC1D47321300E52D0E /* MD5.m */; };
		E6C8F9C61D4777BA00E52D0E /* ExpressInfo.m in Sources */ = {isa = PBXBuildFile; fileRef = E6C8F9C51D4777BA00E52D0E /* ExpressInfo.m */; };
		E6C8F9C91D47870200E52D0E /* FYExpressTracesController.m in Sources */ = {isa = PBXBuildFile; fileRef = E6C8F9C81D47870200E52D0E /* FYExpressTracesController.m */; };
		EF9103293FBF2E4562C5A318 /* libPods-Express.a in Frameworks */ = {isa = PBXBuildFile; fileRef = FFB5400280A41273EEBA680E /* libPods-Express.a */; };
/* End PBXBuildFile section */

/* Begin PBXFileReference section */
		2CEE1D4822D4387300D3B1F6 /* Base64Additions.h */ = {isa = PBXFileReference; fileEncoding = 4; lastKnownFileType = sourcecode.c.h; path = Base64Additions.h; sourceTree = "<group>"; };
		2CEE1D4922D4387300D3B1F6 /* Base64Additions.m */ = {isa = PBXFileReference; fileEncoding = 4; lastKnownFileType = sourcecode.c.objc; path = Base64Additions.m; sourceTree = "<group>"; };
		2CEE1D4B22D4873600D3B1F6 /* FYDBTools.h */ = {isa = PBXFileReference; lastKnownFileType = sourcecode.c.h; path = FYDBTools.h; sourceTree = "<group>"; };
		2CEE1D4C22D4873600D3B1F6 /* FYDBTools.m */ = {isa = PBXFileReference; lastKnownFileType = sourcecode.c.objc; path = FYDBTools.m; sourceTree = "<group>"; };
		464FD4CEBDA9691E91D6E093 /* Pods-Express.debug.xcconfig */ = {isa = PBXFileReference; includeInIndex = 1; lastKnownFileType = text.xcconfig; name = "Pods-Express.debug.xcconfig"; path = "Pods/Target Support Files/Pods-Express/Pods-Express.debug.xcconfig"; sourceTree = "<group>"; };
		DC513E8D08E15318F85726DD /* Pods-Express.release.xcconfig */ = {isa = PBXFileReference; includeInIndex = 1; lastKnownFileType = text.xcconfig; name = "Pods-Express.release.xcconfig"; path = "Pods/Target Support Files/Pods-Express/Pods-Express.release.xcconfig"; sourceTree = "<group>"; };
		E606C3701D4F03AA00BE4A07 /* FYScanQRCodeController.h */ = {isa = PBXFileReference; fileEncoding = 4; lastKnownFileType = sourcecode.c.h; name = FYScanQRCodeController.h; path = Controller/FYScanQRCodeController.h; sourceTree = "<group>"; };
		E606C3711D4F03AA00BE4A07 /* FYScanQRCodeController.m */ = {isa = PBXFileReference; fileEncoding = 4; lastKnownFileType = sourcecode.c.objc; name = FYScanQRCodeController.m; path = Controller/FYScanQRCodeController.m; sourceTree = "<group>"; };
		E60C1BFA1D50602C005A9A6E /* FYExpressHistoryController.h */ = {isa = PBXFileReference; fileEncoding = 4; lastKnownFileType = sourcecode.c.h; name = FYExpressHistoryController.h; path = Controller/FYExpressHistoryController.h; sourceTree = "<group>"; };
		E60C1BFB1D50602C005A9A6E /* FYExpressHistoryController.m */ = {isa = PBXFileReference; fileEncoding = 4; lastKnownFileType = sourcecode.c.objc; name = FYExpressHistoryController.m; path = Controller/FYExpressHistoryController.m; sourceTree = "<group>"; };
		E617B3F71D447A8100701817 /* 查快递.app */ = {isa = PBXFileReference; explicitFileType = wrapper.application; includeInIndex = 0; path = "查快递.app"; sourceTree = BUILT_PRODUCTS_DIR; };
		E617B3FB1D447A8100701817 /* main.m */ = {isa = PBXFileReference; lastKnownFileType = sourcecode.c.objc; path = main.m; sourceTree = "<group>"; };
		E617B3FD1D447A8100701817 /* AppDelegate.h */ = {isa = PBXFileReference; lastKnownFileType = sourcecode.c.h; path = AppDelegate.h; sourceTree = "<group>"; };
		E617B3FE1D447A8100701817 /* AppDelegate.m */ = {isa = PBXFileReference; lastKnownFileType = sourcecode.c.objc; path = AppDelegate.m; sourceTree = "<group>"; };
		E617B4001D447A8100701817 /* FYHomePageController.h */ = {isa = PBXFileReference; lastKnownFileType = sourcecode.c.h; path = FYHomePageController.h; sourceTree = "<group>"; };
		E617B4011D447A8100701817 /* FYHomePageController.m */ = {isa = PBXFileReference; lastKnownFileType = sourcecode.c.objc; path = FYHomePageController.m; sourceTree = "<group>"; };
		E617B4071D447A8100701817 /* Base */ = {isa = PBXFileReference; lastKnownFileType = file.storyboard; name = Base; path = Base.lproj/Main.storyboard; sourceTree = "<group>"; };
		E617B4091D447A8100701817 /* Assets.xcassets */ = {isa = PBXFileReference; lastKnownFileType = folder.assetcatalog; path = Assets.xcassets; sourceTree = "<group>"; };
		E617B40C1D447A8100701817 /* Base */ = {isa = PBXFileReference; lastKnownFileType = file.storyboard; name = Base; path = Base.lproj/LaunchScreen.storyboard; sourceTree = "<group>"; };
		E617B40E1D447A8100701817 /* Info.plist */ = {isa = PBXFileReference; lastKnownFileType = text.plist.xml; path = Info.plist; sourceTree = "<group>"; };
		E6C8F9BB1D47321300E52D0E /* MD5.h */ = {isa = PBXFileReference; fileEncoding = 4; lastKnownFileType = sourcecode.c.h; name = MD5.h; path = Model/MD5.h; sourceTree = "<group>"; };
		E6C8F9BC1D47321300E52D0E /* MD5.m */ = {isa = PBXFileReference; fileEncoding = 4; lastKnownFileType = sourcecode.c.objc; name = MD5.m; path = Model/MD5.m; sourceTree = "<group>"; };
		E6C8F9C41D4777BA00E52D0E /* ExpressInfo.h */ = {isa = PBXFileReference; fileEncoding = 4; lastKnownFileType = sourcecode.c.h; name = ExpressInfo.h; path = Model/ExpressInfo.h; sourceTree = "<group>"; };
		E6C8F9C51D4777BA00E52D0E /* ExpressInfo.m */ = {isa = PBXFileReference; fileEncoding = 4; lastKnownFileType = sourcecode.c.objc; name = ExpressInfo.m; path = Model/ExpressInfo.m; sourceTree = "<group>"; };
		E6C8F9C71D47870200E52D0E /* FYExpressTracesController.h */ = {isa = PBXFileReference; fileEncoding = 4; lastKnownFileType = sourcecode.c.h; name = FYExpressTracesController.h; path = Controller/FYExpressTracesController.h; sourceTree = "<group>"; };
		E6C8F9C81D47870200E52D0E /* FYExpressTracesController.m */ = {isa = PBXFileReference; fileEncoding = 4; lastKnownFileType = sourcecode.c.objc; name = FYExpressTracesController.m; path = Controller/FYExpressTracesController.m; sourceTree = "<group>"; };
		FFB5400280A41273EEBA680E /* libPods-Express.a */ = {isa = PBXFileReference; explicitFileType = archive.ar; includeInIndex = 0; path = "libPods-Express.a"; sourceTree = BUILT_PRODUCTS_DIR; };
/* End PBXFileReference section */

/* Begin PBXFrameworksBuildPhase section */
		E617B3F41D447A8100701817 /* Frameworks */ = {
			isa = PBXFrameworksBuildPhase;
			buildActionMask = 2147483647;
			files = (
				EF9103293FBF2E4562C5A318 /* libPods-Express.a in Frameworks */,
			);
			runOnlyForDeploymentPostprocessing = 0;
		};
/* End PBXFrameworksBuildPhase section */

/* Begin PBXGroup section */
		1E4CE724ED67FEA0E4876A33 /* Pods */ = {
			isa = PBXGroup;
			children = (
				464FD4CEBDA9691E91D6E093 /* Pods-Express.debug.xcconfig */,
				DC513E8D08E15318F85726DD /* Pods-Express.release.xcconfig */,
			);
			name = Pods;
			sourceTree = "<group>";
		};
		444B2B50199D7EC34A0273D0 /* Frameworks */ = {
			isa = PBXGroup;
			children = (
				FFB5400280A41273EEBA680E /* libPods-Express.a */,
			);
			name = Frameworks;
			sourceTree = "<group>";
		};
		E617B3EE1D447A8100701817 = {
			isa = PBXGroup;
			children = (
				E617B3F91D447A8100701817 /* Express */,
				E617B3F81D447A8100701817 /* Products */,
				1E4CE724ED67FEA0E4876A33 /* Pods */,
				444B2B50199D7EC34A0273D0 /* Frameworks */,
			);
			sourceTree = "<group>";
		};
		E617B3F81D447A8100701817 /* Products */ = {
			isa = PBXGroup;
			children = (
				E617B3F71D447A8100701817 /* 查快递.app */,
			);
			name = Products;
			sourceTree = "<group>";
		};
		E617B3F91D447A8100701817 /* Express */ = {
			isa = PBXGroup;
			children = (
				E617B41B1D4498E500701817 /* Model */,
				E617B4171D44913600701817 /* Controller */,
				E617B3FD1D447A8100701817 /* AppDelegate.h */,
				E617B3FE1D447A8100701817 /* AppDelegate.m */,
				E617B4091D447A8100701817 /* Assets.xcassets */,
				E617B3FA1D447A8100701817 /* Supporting Files */,
			);
			path = Express;
			sourceTree = "<group>";
		};
		E617B3FA1D447A8100701817 /* Supporting Files */ = {
			isa = PBXGroup;
			children = (
				E617B4061D447A8100701817 /* Main.storyboard */,
				E617B40B1D447A8100701817 /* LaunchScreen.storyboard */,
				E617B40E1D447A8100701817 /* Info.plist */,
				E617B3FB1D447A8100701817 /* main.m */,
			);
			name = "Supporting Files";
			sourceTree = "<group>";
		};
		E617B4171D44913600701817 /* Controller */ = {
			isa = PBXGroup;
			children = (
				E617B4001D447A8100701817 /* FYHomePageController.h */,
				E617B4011D447A8100701817 /* FYHomePageController.m */,
				E6C8F9C71D47870200E52D0E /* FYExpressTracesController.h */,
				E6C8F9C81D47870200E52D0E /* FYExpressTracesController.m */,
				E606C3701D4F03AA00BE4A07 /* FYScanQRCodeController.h */,
				E606C3711D4F03AA00BE4A07 /* FYScanQRCodeController.m */,
				E60C1BFA1D50602C005A9A6E /* FYExpressHistoryController.h */,
				E60C1BFB1D50602C005A9A6E /* FYExpressHistoryController.m */,
				2CEE1D4B22D4873600D3B1F6 /* FYDBTools.h */,
				2CEE1D4C22D4873600D3B1F6 /* FYDBTools.m */,
			);
			name = Controller;
			sourceTree = "<group>";
		};
		E617B41B1D4498E500701817 /* Model */ = {
			isa = PBXGroup;
			children = (
				2CEE1D4822D4387300D3B1F6 /* Base64Additions.h */,
				2CEE1D4922D4387300D3B1F6 /* Base64Additions.m */,
				E6C8F9BB1D47321300E52D0E /* MD5.h */,
				E6C8F9BC1D47321300E52D0E /* MD5.m */,
				E6C8F9C41D4777BA00E52D0E /* ExpressInfo.h */,
				E6C8F9C51D4777BA00E52D0E /* ExpressInfo.m */,
			);
			name = Model;
			sourceTree = "<group>";
		};
/* End PBXGroup section */

/* Begin PBXNativeTarget section */
		E617B3F61D447A8100701817 /* Express */ = {
			isa = PBXNativeTarget;
			buildConfigurationList = E617B4111D447A8100701817 /* Build configuration list for PBXNativeTarget "Express" */;
			buildPhases = (
				B3043D1D9610A02C7A3AE1D5 /* [CP] Check Pods Manifest.lock */,
				E617B3F31D447A8100701817 /* Sources */,
				E617B3F41D447A8100701817 /* Frameworks */,
				E617B3F51D447A8100701817 /* Resources */,
			);
			buildRules = (
			);
			dependencies = (
			);
			name = Express;
			productName = Express;
			productReference = E617B3F71D447A8100701817 /* 查快递.app */;
			productType = "com.apple.product-type.application";
		};
/* End PBXNativeTarget section */

/* Begin PBXProject section */
		E617B3EF1D447A8100701817 /* Project object */ = {
			isa = PBXProject;
			attributes = {
				LastUpgradeCheck = 0720;
				ORGANIZATIONNAME = LeeLom;
				TargetAttributes = {
					E617B3F61D447A8100701817 = {
						CreatedOnToolsVersion = 7.2;
						DevelopmentTeam = 69AMVC96P8;
					};
				};
			};
			buildConfigurationList = E617B3F21D447A8100701817 /* Build configuration list for PBXProject "Express" */;
			compatibilityVersion = "Xcode 3.2";
			developmentRegion = English;
			hasScannedForEncodings = 0;
			knownRegions = (
				English,
				en,
				Base,
			);
			mainGroup = E617B3EE1D447A8100701817;
			productRefGroup = E617B3F81D447A8100701817 /* Products */;
			projectDirPath = "";
			projectRoot = "";
			targets = (
				E617B3F61D447A8100701817 /* Express */,
			);
		};
/* End PBXProject section */

/* Begin PBXResourcesBuildPhase section */
		E617B3F51D447A8100701817 /* Resources */ = {
			isa = PBXResourcesBuildPhase;
			buildActionMask = 2147483647;
			files = (
				E617B40D1D447A8100701817 /* LaunchScreen.storyboard in Resources */,
				E617B40A1D447A8100701817 /* Assets.xcassets in Resources */,
				E617B4081D447A8100701817 /* Main.storyboard in Resources */,
			);
			runOnlyForDeploymentPostprocessing = 0;
		};
/* End PBXResourcesBuildPhase section */

/* Begin PBXShellScriptBuildPhase section */
		B3043D1D9610A02C7A3AE1D5 /* [CP] Check Pods Manifest.lock */ = {
			isa = PBXShellScriptBuildPhase;
			buildActionMask = 2147483647;
			files = (
			);
			inputPaths = (
				"${PODS_PODFILE_DIR_PATH}/Podfile.lock",
				"${PODS_ROOT}/Manifest.lock",
			);
			name = "[CP] Check Pods Manifest.lock";
			outputPaths = (
				"$(DERIVED_FILE_DIR)/Pods-Express-checkManifestLockResult.txt",
			);
			runOnlyForDeploymentPostprocessing = 0;
			shellPath = /bin/sh;
			shellScript = "diff \"${PODS_PODFILE_DIR_PATH}/Podfile.lock\" \"${PODS_ROOT}/Manifest.lock\" > /dev/null\nif [ $? != 0 ] ; then\n    # print error to STDERR\n    echo \"error: The sandbox is not in sync with the Podfile.lock. Run 'pod install' or update your CocoaPods installation.\" >&2\n    exit 1\nfi\n# This output is used by Xcode 'outputs' to avoid re-running this script phase.\necho \"SUCCESS\" > \"${SCRIPT_OUTPUT_FILE_0}\"\n";
			showEnvVarsInLog = 0;
		};
/* End PBXShellScriptBuildPhase section */

/* Begin PBXSourcesBuildPhase section */
		E617B3F31D447A8100701817 /* Sources */ = {
			isa = PBXSourcesBuildPhase;
			buildActionMask = 2147483647;
			files = (
				E6C8F9C61D4777BA00E52D0E /* ExpressInfo.m in Sources */,
				E617B3FF1D447A8100701817 /* AppDelegate.m in Sources */,
				E60C1BFC1D50602C005A9A6E /* FYExpressHistoryController.m in Sources */,
				E6C8F9BD1D47321300E52D0E /* MD5.m in Sources */,
				2CEE1D4D22D4873600D3B1F6 /* FYDBTools.m in Sources */,
				2CEE1D4A22D4387300D3B1F6 /* Base64Additions.m in Sources */,
				E6C8F9C91D47870200E52D0E /* FYExpressTracesController.m in Sources */,
				E617B4021D447A8100701817 /* FYHomePageController.m in Sources */,
				E617B3FC1D447A8100701817 /* main.m in Sources */,
				E606C3721D4F03AA00BE4A07 /* FYScanQRCodeController.m in Sources */,
			);
			runOnlyForDeploymentPostprocessing = 0;
		};
/* End PBXSourcesBuildPhase section */

/* Begin PBXVariantGroup section */
		E617B4061D447A8100701817 /* Main.storyboard */ = {
			isa = PBXVariantGroup;
			children = (
				E617B4071D447A8100701817 /* Base */,
			);
			name = Main.storyboard;
			sourceTree = "<group>";
		};
		E617B40B1D447A8100701817 /* LaunchScreen.storyboard */ = {
			isa = PBXVariantGroup;
			children = (
				E617B40C1D447A8100701817 /* Base */,
			);
			name = LaunchScreen.storyboard;
			sourceTree = "<group>";
		};
/* End PBXVariantGroup section */

/* Begin XCBuildConfiguration section */
		E617B40F1D447A8100701817 /* Debug */ = {
			isa = XCBuildConfiguration;
			buildSettings = {
				ALWAYS_SEARCH_USER_PATHS = NO;
				CLANG_CXX_LANGUAGE_STANDARD = "gnu++0x";
				CLANG_CXX_LIBRARY = "libc++";
				CLANG_ENABLE_MODULES = YES;
				CLANG_ENABLE_OBJC_ARC = YES;
				CLANG_WARN_BOOL_CONVERSION = YES;
				CLANG_WARN_CONSTANT_CONVERSION = YES;
				CLANG_WARN_DIRECT_OBJC_ISA_USAGE = YES_ERROR;
				CLANG_WARN_EMPTY_BODY = YES;
				CLANG_WARN_ENUM_CONVERSION = YES;
				CLANG_WARN_INT_CONVERSION = YES;
				CLANG_WARN_OBJC_ROOT_CLASS = YES_ERROR;
				CLANG_WARN_UNREACHABLE_CODE = YES;
				CLANG_WARN__DUPLICATE_METHOD_MATCH = YES;
				"CODE_SIGN_IDENTITY[sdk=iphoneos*]" = "iPhone Developer";
				COPY_PHASE_STRIP = NO;
				DEBUG_INFORMATION_FORMAT = dwarf;
				ENABLE_STRICT_OBJC_MSGSEND = YES;
				ENABLE_TESTABILITY = YES;
				GCC_C_LANGUAGE_STANDARD = gnu99;
				GCC_DYNAMIC_NO_PIC = NO;
				GCC_NO_COMMON_BLOCKS = YES;
				GCC_OPTIMIZATION_LEVEL = 0;
				GCC_PREPROCESSOR_DEFINITIONS = (
					"DEBUG=1",
					"$(inherited)",
				);
				GCC_WARN_64_TO_32_BIT_CONVERSION = YES;
				GCC_WARN_ABOUT_RETURN_TYPE = YES_ERROR;
				GCC_WARN_UNDECLARED_SELECTOR = YES;
				GCC_WARN_UNINITIALIZED_AUTOS = YES_AGGRESSIVE;
				GCC_WARN_UNUSED_FUNCTION = YES;
				GCC_WARN_UNUSED_VARIABLE = YES;
				IPHONEOS_DEPLOYMENT_TARGET = 9.2;
				MTL_ENABLE_DEBUG_INFO = YES;
				ONLY_ACTIVE_ARCH = YES;
				SDKROOT = iphoneos;
			};
			name = Debug;
		};
		E617B4101D447A8100701817 /* Release */ = {
			isa = XCBuildConfiguration;
			buildSettings = {
				ALWAYS_SEARCH_USER_PATHS = NO;
				CLANG_CXX_LANGUAGE_STANDARD = "gnu++0x";
				CLANG_CXX_LIBRARY = "libc++";
				CLANG_ENABLE_MODULES = YES;
				CLANG_ENABLE_OBJC_ARC = YES;
				CLANG_WARN_BOOL_CONVERSION = YES;
				CLANG_WARN_CONSTANT_CONVERSION = YES;
				CLANG_WARN_DIRECT_OBJC_ISA_USAGE = YES_ERROR;
				CLANG_WARN_EMPTY_BODY = YES;
				CLANG_WARN_ENUM_CONVERSION = YES;
				CLANG_WARN_INT_CONVERSION = YES;
				CLANG_WARN_OBJC_ROOT_CLASS = YES_ERROR;
				CLANG_WARN_UNREACHABLE_CODE = YES;
				CLANG_WARN__DUPLICATE_METHOD_MATCH = YES;
				"CODE_SIGN_IDENTITY[sdk=iphoneos*]" = "iPhone Developer";
				COPY_PHASE_STRIP = NO;
				DEBUG_INFORMATION_FORMAT = "dwarf-with-dsym";
				ENABLE_NS_ASSERTIONS = NO;
				ENABLE_STRICT_OBJC_MSGSEND = YES;
				GCC_C_LANGUAGE_STANDARD = gnu99;
				GCC_NO_COMMON_BLOCKS = YES;
				GCC_WARN_64_TO_32_BIT_CONVERSION = YES;
				GCC_WARN_ABOUT_RETURN_TYPE = YES_ERROR;
				GCC_WARN_UNDECLARED_SELECTOR = YES;
				GCC_WARN_UNINITIALIZED_AUTOS = YES_AGGRESSIVE;
				GCC_WARN_UNUSED_FUNCTION = YES;
				GCC_WARN_UNUSED_VARIABLE = YES;
				IPHONEOS_DEPLOYMENT_TARGET = 9.2;
				MTL_ENABLE_DEBUG_INFO = NO;
				SDKROOT = iphoneos;
				VALIDATE_PRODUCT = YES;
			};
			name = Release;
		};
		E617B4121D447A8100701817 /* Debug */ = {
			isa = XCBuildConfiguration;
			baseConfigurationReference = 464FD4CEBDA9691E91D6E093 /* Pods-Express.debug.xcconfig */;
			buildSettings = {
				ASSETCATALOG_COMPILER_APPICON_NAME = AppIcon;
				DEVELOPMENT_TEAM = 69AMVC96P8;
				INFOPLIST_FILE = Express/Info.plist;
				LD_RUNPATH_SEARCH_PATHS = "$(inherited) @executable_path/Frameworks";
				PRODUCT_BUNDLE_IDENTIFIER = com.Express.123;
				PRODUCT_NAME = "查快递";
			};
			name = Debug;
		};
		E617B4131D447A8100701817 /* Release */ = {
			isa = XCBuildConfiguration;
			baseConfigurationReference = DC513E8D08E15318F85726DD /* Pods-Express.release.xcconfig */;
			buildSettings = {
				ASSETCATALOG_COMPILER_APPICON_NAME = AppIcon;
				DEVELOPMENT_TEAM = 69AMVC96P8;
				INFOPLIST_FILE = Express/Info.plist;
				LD_RUNPATH_SEARCH_PATHS = "$(inherited) @executable_path/Frameworks";
				PRODUCT_BUNDLE_IDENTIFIER = com.Express.123;
				PRODUCT_NAME = "查快递";
			};
			name = Release;
		};
/* End XCBuildConfiguration section */

/* Begin XCConfigurationList section */
		E617B3F21D447A8100701817 /* Build configuration list for PBXProject "Express" */ = {
			isa = XCConfigurationList;
			buildConfigurations = (
				E617B40F1D447A8100701817 /* Debug */,
				E617B4101D447A8100701817 /* Release */,
			);
			defaultConfigurationIsVisible = 0;
			defaultConfigurationName = Release;
		};
		E617B4111D447A8100701817 /* Build configuration list for PBXNativeTarget "Express" */ = {
			isa = XCConfigurationList;
			buildConfigurations = (
				E617B4121D447A8100701817 /* Debug */,
				E617B4131D447A8100701817 /* Release */,
			);
			defaultConfigurationIsVisible = 0;
			defaultConfigurationName = Release;
		};
/* End XCConfigurationList section */
	};
	rootObject = E617B3EF1D447A8100701817 /* Project object */;
}
